// !$*UTF8*$!
{
	archiveVersion = 1;
	classes = {
	};
	objectVersion = 56;
	objects = {

/* Begin PBXBuildFile section */
		7B14DA852BACF52800C56BAF /* AppDelegate.swift in Sources */ = {isa = PBXBuildFile; fileRef = 7B14DA842BACF52800C56BAF /* AppDelegate.swift */; };
		7B14DA872BACF52800C56BAF /* SceneDelegate.swift in Sources */ = {isa = PBXBuildFile; fileRef = 7B14DA862BACF52800C56BAF /* SceneDelegate.swift */; };
		7B14DA892BACF52800C56BAF /* ViewController.swift in Sources */ = {isa = PBXBuildFile; fileRef = 7B14DA882BACF52800C56BAF /* ViewController.swift */; };
		7B14DA8C2BACF52800C56BAF /* Base in Resources */ = {isa = PBXBuildFile; fileRef = 7B14DA8B2BACF52800C56BAF /* Base */; };
		7B14DA8E2BACF52900C56BAF /* Assets.xcassets in Resources */ = {isa = PBXBuildFile; fileRef = 7B14DA8D2BACF52900C56BAF /* Assets.xcassets */; };
		7B14DA912BACF52900C56BAF /* Base in Resources */ = {isa = PBXBuildFile; fileRef = 7B14DA902BACF52900C56BAF /* Base */; };
		7BA041A92BB04ACE008E269B /* DatabaseManager.swift in Sources */ = {isa = PBXBuildFile; fileRef = 7BA041A82BB04ACE008E269B /* DatabaseManager.swift */; };
		7BA041AB2BB04B36008E269B /* ServerDefinition.swift in Sources */ = {isa = PBXBuildFile; fileRef = 7BA041AA2BB04B36008E269B /* ServerDefinition.swift */; };
		7BA041AD2BB04B71008E269B /* Models.swift in Sources */ = {isa = PBXBuildFile; fileRef = 7BA041AC2BB04B71008E269B /* Models.swift */; };
		7BA041B02BB04C36008E269B /* GenreController.swift in Sources */ = {isa = PBXBuildFile; fileRef = 7BA041AF2BB04C36008E269B /* GenreController.swift */; };
		7BA041B22BB04C43008E269B /* SongsController.swift in Sources */ = {isa = PBXBuildFile; fileRef = 7BA041B12BB04C43008E269B /* SongsController.swift */; };
		7BA041B42BB04C52008E269B /* AlbumsController.swift in Sources */ = {isa = PBXBuildFile; fileRef = 7BA041B32BB04C52008E269B /* AlbumsController.swift */; };
		7BA041B62BB067B2008E269B /* ArtistControllerDisplay.swift in Sources */ = {isa = PBXBuildFile; fileRef = 7BA041B52BB067B2008E269B /* ArtistControllerDisplay.swift */; };
		7BA041BA2BB0AF8E008E269B /* AlbumDisplayList.swift in Sources */ = {isa = PBXBuildFile; fileRef = 7BA041B92BB0AF8E008E269B /* AlbumDisplayList.swift */; };
		7BA041C32BB0BC62008E269B /* GenreDisplayList.swift in Sources */ = {isa = PBXBuildFile; fileRef = 7BA041C22BB0BC62008E269B /* GenreDisplayList.swift */; };
		7BA041C82BB0CF62008E269B /* SongDisplayList.swift in Sources */ = {isa = PBXBuildFile; fileRef = 7BA041C72BB0CF62008E269B /* SongDisplayList.swift */; };
		7BA041CA2BB0F612008E269B /* ArtistEachDisplay.swift in Sources */ = {isa = PBXBuildFile; fileRef = 7BA041C92BB0F612008E269B /* ArtistEachDisplay.swift */; };
		7BA041CC2BB1015B008E269B /* AlbumEachDisplay.swift in Sources */ = {isa = PBXBuildFile; fileRef = 7BA041CB2BB1015B008E269B /* AlbumEachDisplay.swift */; };
		7BA041CE2BB106B4008E269B /* GenreEachDisplay.swift in Sources */ = {isa = PBXBuildFile; fileRef = 7BA041CD2BB106B4008E269B /* GenreEachDisplay.swift */; };
		7BA041D02BB107ED008E269B /* SongEachDisplay.swift in Sources */ = {isa = PBXBuildFile; fileRef = 7BA041CF2BB107ED008E269B /* SongEachDisplay.swift */; };
		7BA0B2A62BAD41CA00F1665D /* ArtistController.swift in Sources */ = {isa = PBXBuildFile; fileRef = 7BA0B2A52BAD41CA00F1665D /* ArtistController.swift */; };
/* End PBXBuildFile section */

/* Begin PBXContainerItemProxy section */
		7BA041982BB04A79008E269B /* PBXContainerItemProxy */ = {
			isa = PBXContainerItemProxy;
			containerPortal = 7BA0418E2BB04A79008E269B /* SQLite.xcodeproj */;
			proxyType = 2;
			remoteGlobalIDString = EE247AD31C3F04ED00AE3E12;
			remoteInfo = "SQLite iOS";
		};
		7BA0419A2BB04A79008E269B /* PBXContainerItemProxy */ = {
			isa = PBXContainerItemProxy;
			containerPortal = 7BA0418E2BB04A79008E269B /* SQLite.xcodeproj */;
			proxyType = 2;
			remoteGlobalIDString = EE247ADD1C3F04ED00AE3E12;
			remoteInfo = "SQLiteTests iOS";
		};
		7BA0419C2BB04A79008E269B /* PBXContainerItemProxy */ = {
			isa = PBXContainerItemProxy;
			containerPortal = 7BA0418E2BB04A79008E269B /* SQLite.xcodeproj */;
			proxyType = 2;
			remoteGlobalIDString = EE247B3C1C3F3ED000AE3E12;
			remoteInfo = "SQLite Mac";
		};
		7BA0419E2BB04A79008E269B /* PBXContainerItemProxy */ = {
			isa = PBXContainerItemProxy;
			containerPortal = 7BA0418E2BB04A79008E269B /* SQLite.xcodeproj */;
			proxyType = 2;
			remoteGlobalIDString = EE247B451C3F3ED000AE3E12;
			remoteInfo = "SQLiteTests Mac";
		};
		7BA041A02BB04A79008E269B /* PBXContainerItemProxy */ = {
			isa = PBXContainerItemProxy;
			containerPortal = 7BA0418E2BB04A79008E269B /* SQLite.xcodeproj */;
			proxyType = 2;
			remoteGlobalIDString = 03A65E5A1C6BB0F50062603F;
			remoteInfo = "SQLite tvOS";
		};
		7BA041A22BB04A79008E269B /* PBXContainerItemProxy */ = {
			isa = PBXContainerItemProxy;
			containerPortal = 7BA0418E2BB04A79008E269B /* SQLite.xcodeproj */;
			proxyType = 2;
			remoteGlobalIDString = 03A65E631C6BB0F60062603F;
			remoteInfo = "SQLiteTests tvOS";
		};
		7BA041A42BB04A79008E269B /* PBXContainerItemProxy */ = {
			isa = PBXContainerItemProxy;
			containerPortal = 7BA0418E2BB04A79008E269B /* SQLite.xcodeproj */;
			proxyType = 2;
			remoteGlobalIDString = A121AC451CA35C79005A31D1;
			remoteInfo = "SQLite watchOS";
		};
/* End PBXContainerItemProxy section */

/* Begin PBXFileReference section */
		7B14DA812BACF52800C56BAF /* AssignmentTen.app */ = {isa = PBXFileReference; explicitFileType = wrapper.application; includeInIndex = 0; path = AssignmentTen.app; sourceTree = BUILT_PRODUCTS_DIR; };
		7B14DA842BACF52800C56BAF /* AppDelegate.swift */ = {isa = PBXFileReference; lastKnownFileType = sourcecode.swift; path = AppDelegate.swift; sourceTree = "<group>"; };
		7B14DA862BACF52800C56BAF /* SceneDelegate.swift */ = {isa = PBXFileReference; lastKnownFileType = sourcecode.swift; path = SceneDelegate.swift; sourceTree = "<group>"; };
		7B14DA882BACF52800C56BAF /* ViewController.swift */ = {isa = PBXFileReference; lastKnownFileType = sourcecode.swift; path = ViewController.swift; sourceTree = "<group>"; };
		7B14DA8B2BACF52800C56BAF /* Base */ = {isa = PBXFileReference; lastKnownFileType = file.storyboard; name = Base; path = Base.lproj/Main.storyboard; sourceTree = "<group>"; };
		7B14DA8D2BACF52900C56BAF /* Assets.xcassets */ = {isa = PBXFileReference; lastKnownFileType = folder.assetcatalog; path = Assets.xcassets; sourceTree = "<group>"; };
		7B14DA902BACF52900C56BAF /* Base */ = {isa = PBXFileReference; lastKnownFileType = file.storyboard; name = Base; path = Base.lproj/LaunchScreen.storyboard; sourceTree = "<group>"; };
		7B14DA922BACF52900C56BAF /* Info.plist */ = {isa = PBXFileReference; lastKnownFileType = text.plist.xml; path = Info.plist; sourceTree = "<group>"; };
		7BA0418E2BB04A79008E269B /* SQLite.xcodeproj */ = {isa = PBXFileReference; lastKnownFileType = "wrapper.pb-project"; path = SQLite.xcodeproj; sourceTree = "<group>"; };
		7BA041A82BB04ACE008E269B /* DatabaseManager.swift */ = {isa = PBXFileReference; lastKnownFileType = sourcecode.swift; path = DatabaseManager.swift; sourceTree = "<group>"; };
		7BA041AA2BB04B36008E269B /* ServerDefinition.swift */ = {isa = PBXFileReference; lastKnownFileType = sourcecode.swift; path = ServerDefinition.swift; sourceTree = "<group>"; };
		7BA041AC2BB04B71008E269B /* Models.swift */ = {isa = PBXFileReference; lastKnownFileType = sourcecode.swift; path = Models.swift; sourceTree = "<group>"; };
		7BA041AF2BB04C36008E269B /* GenreController.swift */ = {isa = PBXFileReference; lastKnownFileType = sourcecode.swift; path = GenreController.swift; sourceTree = "<group>"; };
		7BA041B12BB04C43008E269B /* SongsController.swift */ = {isa = PBXFileReference; lastKnownFileType = sourcecode.swift; path = SongsController.swift; sourceTree = "<group>"; };
		7BA041B32BB04C52008E269B /* AlbumsController.swift */ = {isa = PBXFileReference; lastKnownFileType = sourcecode.swift; path = AlbumsController.swift; sourceTree = "<group>"; };
		7BA041B52BB067B2008E269B /* ArtistControllerDisplay.swift */ = {isa = PBXFileReference; lastKnownFileType = sourcecode.swift; path = ArtistControllerDisplay.swift; sourceTree = "<group>"; };
		7BA041B92BB0AF8E008E269B /* AlbumDisplayList.swift */ = {isa = PBXFileReference; lastKnownFileType = sourcecode.swift; path = AlbumDisplayList.swift; sourceTree = "<group>"; };
		7BA041C22BB0BC62008E269B /* GenreDisplayList.swift */ = {isa = PBXFileReference; lastKnownFileType = sourcecode.swift; path = GenreDisplayList.swift; sourceTree = "<group>"; };
		7BA041C72BB0CF62008E269B /* SongDisplayList.swift */ = {isa = PBXFileReference; lastKnownFileType = sourcecode.swift; path = SongDisplayList.swift; sourceTree = "<group>"; };
		7BA041C92BB0F612008E269B /* ArtistEachDisplay.swift */ = {isa = PBXFileReference; lastKnownFileType = sourcecode.swift; path = ArtistEachDisplay.swift; sourceTree = "<group>"; };
		7BA041CB2BB1015B008E269B /* AlbumEachDisplay.swift */ = {isa = PBXFileReference; lastKnownFileType = sourcecode.swift; path = AlbumEachDisplay.swift; sourceTree = "<group>"; };
		7BA041CD2BB106B4008E269B /* GenreEachDisplay.swift */ = {isa = PBXFileReference; lastKnownFileType = sourcecode.swift; path = GenreEachDisplay.swift; sourceTree = "<group>"; };
		7BA041CF2BB107ED008E269B /* SongEachDisplay.swift */ = {isa = PBXFileReference; lastKnownFileType = sourcecode.swift; path = SongEachDisplay.swift; sourceTree = "<group>"; };
		7BA0B2A52BAD41CA00F1665D /* ArtistController.swift */ = {isa = PBXFileReference; lastKnownFileType = sourcecode.swift; path = ArtistController.swift; sourceTree = "<group>"; };
/* End PBXFileReference section */

/* Begin PBXFrameworksBuildPhase section */
		7B14DA7E2BACF52800C56BAF /* Frameworks */ = {
			isa = PBXFrameworksBuildPhase;
			buildActionMask = 2147483647;
			files = (
			);
			runOnlyForDeploymentPostprocessing = 0;
		};
/* End PBXFrameworksBuildPhase section */

/* Begin PBXGroup section */
		7B14DA782BACF52800C56BAF = {
			isa = PBXGroup;
			children = (
				7B14DA832BACF52800C56BAF /* AssignmentNine */,
				7B14DA822BACF52800C56BAF /* Products */,
				7BA0418D2BB04A78008E269B /* Frameworks */,
			);
			sourceTree = "<group>";
		};
		7B14DA822BACF52800C56BAF /* Products */ = {
			isa = PBXGroup;
			children = (
				7B14DA812BACF52800C56BAF /* AssignmentTen.app */,
			);
			name = Products;
			sourceTree = "<group>";
		};
		7B14DA832BACF52800C56BAF /* AssignmentNine */ = {
			isa = PBXGroup;
			children = (
				7BA041A72BB04A93008E269B /* Server */,
				7B14DA842BACF52800C56BAF /* AppDelegate.swift */,
				7B14DA862BACF52800C56BAF /* SceneDelegate.swift */,
				7BA041AE2BB04BF9008E269B /* Controllers */,
				7B14DA882BACF52800C56BAF /* ViewController.swift */,
				7B14DA8A2BACF52800C56BAF /* Main.storyboard */,
				7B14DA8D2BACF52900C56BAF /* Assets.xcassets */,
				7B14DA8F2BACF52900C56BAF /* LaunchScreen.storyboard */,
				7B14DA922BACF52900C56BAF /* Info.plist */,
			);
			path = AssignmentNine;
			sourceTree = "<group>";
		};
		7BA0418D2BB04A78008E269B /* Frameworks */ = {
			isa = PBXGroup;
			children = (
				7BA0418E2BB04A79008E269B /* SQLite.xcodeproj */,
			);
			name = Frameworks;
			sourceTree = "<group>";
		};
		7BA0418F2BB04A79008E269B /* Products */ = {
			isa = PBXGroup;
			children = (
				7BA041992BB04A79008E269B /* SQLite.framework */,
				7BA0419B2BB04A79008E269B /* SQLiteTests iOS.xctest */,
				7BA0419D2BB04A79008E269B /* SQLite.framework */,
				7BA0419F2BB04A79008E269B /* SQLiteTests Mac.xctest */,
				7BA041A12BB04A79008E269B /* SQLite.framework */,
				7BA041A32BB04A79008E269B /* SQLiteTests tvOS.xctest */,
				7BA041A52BB04A79008E269B /* SQLite.framework */,
			);
			name = Products;
			sourceTree = "<group>";
		};
		7BA041A72BB04A93008E269B /* Server */ = {
			isa = PBXGroup;
			children = (
				7BA041A82BB04ACE008E269B /* DatabaseManager.swift */,
				7BA041AA2BB04B36008E269B /* ServerDefinition.swift */,
				7BA041AC2BB04B71008E269B /* Models.swift */,
			);
			path = Server;
			sourceTree = "<group>";
		};
		7BA041AE2BB04BF9008E269B /* Controllers */ = {
			isa = PBXGroup;
			children = (
				7BA041BB2BB0B09A008E269B /* DisplayCells */,
				7BA0B2A52BAD41CA00F1665D /* ArtistController.swift */,
				7BA041AF2BB04C36008E269B /* GenreController.swift */,
				7BA041B12BB04C43008E269B /* SongsController.swift */,
				7BA041B32BB04C52008E269B /* AlbumsController.swift */,
				7BA041B52BB067B2008E269B /* ArtistControllerDisplay.swift */,
				7BA041B92BB0AF8E008E269B /* AlbumDisplayList.swift */,
				7BA041C22BB0BC62008E269B /* GenreDisplayList.swift */,
				7BA041C72BB0CF62008E269B /* SongDisplayList.swift */,
				7BA041C92BB0F612008E269B /* ArtistEachDisplay.swift */,
				7BA041CB2BB1015B008E269B /* AlbumEachDisplay.swift */,
				7BA041CD2BB106B4008E269B /* GenreEachDisplay.swift */,
				7BA041CF2BB107ED008E269B /* SongEachDisplay.swift */,
			);
			path = Controllers;
			sourceTree = "<group>";
		};
		7BA041BB2BB0B09A008E269B /* DisplayCells */ = {
			isa = PBXGroup;
			children = (
			);
			path = DisplayCells;
			sourceTree = "<group>";
		};
/* End PBXGroup section */

/* Begin PBXNativeTarget section */
		7B14DA802BACF52800C56BAF /* AssignmentTen */ = {
			isa = PBXNativeTarget;
			buildConfigurationList = 7B14DA952BACF52900C56BAF /* Build configuration list for PBXNativeTarget "AssignmentTen" */;
			buildPhases = (
				7B14DA7D2BACF52800C56BAF /* Sources */,
				7B14DA7E2BACF52800C56BAF /* Frameworks */,
				7B14DA7F2BACF52800C56BAF /* Resources */,
			);
			buildRules = (
			);
			dependencies = (
			);
			name = AssignmentTen;
			productName = AssignmentNine;
			productReference = 7B14DA812BACF52800C56BAF /* AssignmentTen.app */;
			productType = "com.apple.product-type.application";
		};
/* End PBXNativeTarget section */

/* Begin PBXProject section */
		7B14DA792BACF52800C56BAF /* Project object */ = {
			isa = PBXProject;
			attributes = {
				BuildIndependentTargetsInParallel = 1;
				LastSwiftUpdateCheck = 1530;
				LastUpgradeCheck = 1530;
				TargetAttributes = {
					7B14DA802BACF52800C56BAF = {
						CreatedOnToolsVersion = 15.3;
					};
				};
			};
			buildConfigurationList = 7B14DA7C2BACF52800C56BAF /* Build configuration list for PBXProject "AssignmentTen" */;
			compatibilityVersion = "Xcode 14.0";
			developmentRegion = en;
			hasScannedForEncodings = 0;
			knownRegions = (
				en,
				Base,
			);
			mainGroup = 7B14DA782BACF52800C56BAF;
			productRefGroup = 7B14DA822BACF52800C56BAF /* Products */;
			projectDirPath = "";
			projectReferences = (
				{
					ProductGroup = 7BA0418F2BB04A79008E269B /* Products */;
					ProjectRef = 7BA0418E2BB04A79008E269B /* SQLite.xcodeproj */;
				},
			);
			projectRoot = "";
			targets = (
				7B14DA802BACF52800C56BAF /* AssignmentTen */,
			);
		};
/* End PBXProject section */

/* Begin PBXReferenceProxy section */
		7BA041992BB04A79008E269B /* SQLite.framework */ = {
			isa = PBXReferenceProxy;
			fileType = wrapper.framework;
			path = SQLite.framework;
			remoteRef = 7BA041982BB04A79008E269B /* PBXContainerItemProxy */;
			sourceTree = BUILT_PRODUCTS_DIR;
		};
		7BA0419B2BB04A79008E269B /* SQLiteTests iOS.xctest */ = {
			isa = PBXReferenceProxy;
			fileType = wrapper.cfbundle;
			path = "SQLiteTests iOS.xctest";
			remoteRef = 7BA0419A2BB04A79008E269B /* PBXContainerItemProxy */;
			sourceTree = BUILT_PRODUCTS_DIR;
		};
		7BA0419D2BB04A79008E269B /* SQLite.framework */ = {
			isa = PBXReferenceProxy;
			fileType = wrapper.framework;
			path = SQLite.framework;
			remoteRef = 7BA0419C2BB04A79008E269B /* PBXContainerItemProxy */;
			sourceTree = BUILT_PRODUCTS_DIR;
		};
		7BA0419F2BB04A79008E269B /* SQLiteTests Mac.xctest */ = {
			isa = PBXReferenceProxy;
			fileType = wrapper.cfbundle;
			path = "SQLiteTests Mac.xctest";
			remoteRef = 7BA0419E2BB04A79008E269B /* PBXContainerItemProxy */;
			sourceTree = BUILT_PRODUCTS_DIR;
		};
		7BA041A12BB04A79008E269B /* SQLite.framework */ = {
			isa = PBXReferenceProxy;
			fileType = wrapper.framework;
			path = SQLite.framework;
			remoteRef = 7BA041A02BB04A79008E269B /* PBXContainerItemProxy */;
			sourceTree = BUILT_PRODUCTS_DIR;
		};
		7BA041A32BB04A79008E269B /* SQLiteTests tvOS.xctest */ = {
			isa = PBXReferenceProxy;
			fileType = wrapper.cfbundle;
			path = "SQLiteTests tvOS.xctest";
			remoteRef = 7BA041A22BB04A79008E269B /* PBXContainerItemProxy */;
			sourceTree = BUILT_PRODUCTS_DIR;
		};
		7BA041A52BB04A79008E269B /* SQLite.framework */ = {
			isa = PBXReferenceProxy;
			fileType = wrapper.framework;
			path = SQLite.framework;
			remoteRef = 7BA041A42BB04A79008E269B /* PBXContainerItemProxy */;
			sourceTree = BUILT_PRODUCTS_DIR;
		};
/* End PBXReferenceProxy section */

/* Begin PBXResourcesBuildPhase section */
		7B14DA7F2BACF52800C56BAF /* Resources */ = {
			isa = PBXResourcesBuildPhase;
			buildActionMask = 2147483647;
			files = (
				7B14DA8E2BACF52900C56BAF /* Assets.xcassets in Resources */,
				7B14DA912BACF52900C56BAF /* Base in Resources */,
				7B14DA8C2BACF52800C56BAF /* Base in Resources */,
			);
			runOnlyForDeploymentPostprocessing = 0;
		};
/* End PBXResourcesBuildPhase section */

/* Begin PBXSourcesBuildPhase section */
		7B14DA7D2BACF52800C56BAF /* Sources */ = {
			isa = PBXSourcesBuildPhase;
			buildActionMask = 2147483647;
			files = (
				7BA0B2A62BAD41CA00F1665D /* ArtistController.swift in Sources */,
				7B14DA892BACF52800C56BAF /* ViewController.swift in Sources */,
				7BA041A92BB04ACE008E269B /* DatabaseManager.swift in Sources */,
				7BA041C32BB0BC62008E269B /* GenreDisplayList.swift in Sources */,
				7B14DA852BACF52800C56BAF /* AppDelegate.swift in Sources */,
				7BA041CE2BB106B4008E269B /* GenreEachDisplay.swift in Sources */,
				7BA041D02BB107ED008E269B /* SongEachDisplay.swift in Sources */,
				7BA041B22BB04C43008E269B /* SongsController.swift in Sources */,
				7B14DA872BACF52800C56BAF /* SceneDelegate.swift in Sources */,
				7BA041CA2BB0F612008E269B /* ArtistEachDisplay.swift in Sources */,
				7BA041B02BB04C36008E269B /* GenreController.swift in Sources */,
				7BA041CC2BB1015B008E269B /* AlbumEachDisplay.swift in Sources */,
				7BA041C82BB0CF62008E269B /* SongDisplayList.swift in Sources */,
				7BA041B42BB04C52008E269B /* AlbumsController.swift in Sources */,
				7BA041B62BB067B2008E269B /* ArtistControllerDisplay.swift in Sources */,
				7BA041AB2BB04B36008E269B /* ServerDefinition.swift in Sources */,
				7BA041AD2BB04B71008E269B /* Models.swift in Sources */,
				7BA041BA2BB0AF8E008E269B /* AlbumDisplayList.swift in Sources */,
			);
			runOnlyForDeploymentPostprocessing = 0;
		};
/* End PBXSourcesBuildPhase section */

/* Begin PBXVariantGroup section */
		7B14DA8A2BACF52800C56BAF /* Main.storyboard */ = {
			isa = PBXVariantGroup;
			children = (
				7B14DA8B2BACF52800C56BAF /* Base */,
			);
			name = Main.storyboard;
			sourceTree = "<group>";
		};
		7B14DA8F2BACF52900C56BAF /* LaunchScreen.storyboard */ = {
			isa = PBXVariantGroup;
			children = (
				7B14DA902BACF52900C56BAF /* Base */,
			);
			name = LaunchScreen.storyboard;
			sourceTree = "<group>";
		};
/* End PBXVariantGroup section */

/* Begin XCBuildConfiguration section */
		7B14DA932BACF52900C56BAF /* Debug */ = {
			isa = XCBuildConfiguration;
			buildSettings = {
				ALWAYS_SEARCH_USER_PATHS = NO;
				ASSETCATALOG_COMPILER_GENERATE_SWIFT_ASSET_SYMBOL_EXTENSIONS = YES;
				CLANG_ANALYZER_NONNULL = YES;
				CLANG_ANALYZER_NUMBER_OBJECT_CONVERSION = YES_AGGRESSIVE;
				CLANG_CXX_LANGUAGE_STANDARD = "gnu++20";
				CLANG_ENABLE_MODULES = YES;
				CLANG_ENABLE_OBJC_ARC = YES;
				CLANG_ENABLE_OBJC_WEAK = YES;
				CLANG_WARN_BLOCK_CAPTURE_AUTORELEASING = YES;
				CLANG_WARN_BOOL_CONVERSION = YES;
				CLANG_WARN_COMMA = YES;
				CLANG_WARN_CONSTANT_CONVERSION = YES;
				CLANG_WARN_DEPRECATED_OBJC_IMPLEMENTATIONS = YES;
				CLANG_WARN_DIRECT_OBJC_ISA_USAGE = YES_ERROR;
				CLANG_WARN_DOCUMENTATION_COMMENTS = YES;
				CLANG_WARN_EMPTY_BODY = YES;
				CLANG_WARN_ENUM_CONVERSION = YES;
				CLANG_WARN_INFINITE_RECURSION = YES;
				CLANG_WARN_INT_CONVERSION = YES;
				CLANG_WARN_NON_LITERAL_NULL_CONVERSION = YES;
				CLANG_WARN_OBJC_IMPLICIT_RETAIN_SELF = YES;
				CLANG_WARN_OBJC_LITERAL_CONVERSION = YES;
				CLANG_WARN_OBJC_ROOT_CLASS = YES_ERROR;
				CLANG_WARN_QUOTED_INCLUDE_IN_FRAMEWORK_HEADER = YES;
				CLANG_WARN_RANGE_LOOP_ANALYSIS = YES;
				CLANG_WARN_STRICT_PROTOTYPES = YES;
				CLANG_WARN_SUSPICIOUS_MOVE = YES;
				CLANG_WARN_UNGUARDED_AVAILABILITY = YES_AGGRESSIVE;
				CLANG_WARN_UNREACHABLE_CODE = YES;
				CLANG_WARN__DUPLICATE_METHOD_MATCH = YES;
				COPY_PHASE_STRIP = NO;
				DEBUG_INFORMATION_FORMAT = dwarf;
				ENABLE_STRICT_OBJC_MSGSEND = YES;
				ENABLE_TESTABILITY = YES;
				ENABLE_USER_SCRIPT_SANDBOXING = YES;
				GCC_C_LANGUAGE_STANDARD = gnu17;
				GCC_DYNAMIC_NO_PIC = NO;
				GCC_NO_COMMON_BLOCKS = YES;
				GCC_OPTIMIZATION_LEVEL = 0;
				GCC_PREPROCESSOR_DEFINITIONS = (
					"DEBUG=1",
					"$(inherited)",
				);
				GCC_WARN_64_TO_32_BIT_CONVERSION = YES;
				GCC_WARN_ABOUT_RETURN_TYPE = YES_ERROR;
				GCC_WARN_UNDECLARED_SELECTOR = YES;
				GCC_WARN_UNINITIALIZED_AUTOS = YES_AGGRESSIVE;
				GCC_WARN_UNUSED_FUNCTION = YES;
				GCC_WARN_UNUSED_VARIABLE = YES;
				IPHONEOS_DEPLOYMENT_TARGET = 17.4;
				LOCALIZATION_PREFERS_STRING_CATALOGS = YES;
				MTL_ENABLE_DEBUG_INFO = INCLUDE_SOURCE;
				MTL_FAST_MATH = YES;
				ONLY_ACTIVE_ARCH = YES;
				SDKROOT = iphoneos;
				SWIFT_ACTIVE_COMPILATION_CONDITIONS = "DEBUG $(inherited)";
				SWIFT_OPTIMIZATION_LEVEL = "-Onone";
			};
			name = Debug;
		};
		7B14DA942BACF52900C56BAF /* Release */ = {
			isa = XCBuildConfiguration;
			buildSettings = {
				ALWAYS_SEARCH_USER_PATHS = NO;
				ASSETCATALOG_COMPILER_GENERATE_SWIFT_ASSET_SYMBOL_EXTENSIONS = YES;
				CLANG_ANALYZER_NONNULL = YES;
				CLANG_ANALYZER_NUMBER_OBJECT_CONVERSION = YES_AGGRESSIVE;
				CLANG_CXX_LANGUAGE_STANDARD = "gnu++20";
				CLANG_ENABLE_MODULES = YES;
				CLANG_ENABLE_OBJC_ARC = YES;
				CLANG_ENABLE_OBJC_WEAK = YES;
				CLANG_WARN_BLOCK_CAPTURE_AUTORELEASING = YES;
				CLANG_WARN_BOOL_CONVERSION = YES;
				CLANG_WARN_COMMA = YES;
				CLANG_WARN_CONSTANT_CONVERSION = YES;
				CLANG_WARN_DEPRECATED_OBJC_IMPLEMENTATIONS = YES;
				CLANG_WARN_DIRECT_OBJC_ISA_USAGE = YES_ERROR;
				CLANG_WARN_DOCUMENTATION_COMMENTS = YES;
				CLANG_WARN_EMPTY_BODY = YES;
				CLANG_WARN_ENUM_CONVERSION = YES;
				CLANG_WARN_INFINITE_RECURSION = YES;
				CLANG_WARN_INT_CONVERSION = YES;
				CLANG_WARN_NON_LITERAL_NULL_CONVERSION = YES;
				CLANG_WARN_OBJC_IMPLICIT_RETAIN_SELF = YES;
				CLANG_WARN_OBJC_LITERAL_CONVERSION = YES;
				CLANG_WARN_OBJC_ROOT_CLASS = YES_ERROR;
				CLANG_WARN_QUOTED_INCLUDE_IN_FRAMEWORK_HEADER = YES;
				CLANG_WARN_RANGE_LOOP_ANALYSIS = YES;
				CLANG_WARN_STRICT_PROTOTYPES = YES;
				CLANG_WARN_SUSPICIOUS_MOVE = YES;
				CLANG_WARN_UNGUARDED_AVAILABILITY = YES_AGGRESSIVE;
				CLANG_WARN_UNREACHABLE_CODE = YES;
				CLANG_WARN__DUPLICATE_METHOD_MATCH = YES;
				COPY_PHASE_STRIP = NO;
				DEBUG_INFORMATION_FORMAT = "dwarf-with-dsym";
				ENABLE_NS_ASSERTIONS = NO;
				ENABLE_STRICT_OBJC_MSGSEND = YES;
				ENABLE_USER_SCRIPT_SANDBOXING = YES;
				GCC_C_LANGUAGE_STANDARD = gnu17;
				GCC_NO_COMMON_BLOCKS = YES;
				GCC_WARN_64_TO_32_BIT_CONVERSION = YES;
				GCC_WARN_ABOUT_RETURN_TYPE = YES_ERROR;
				GCC_WARN_UNDECLARED_SELECTOR = YES;
				GCC_WARN_UNINITIALIZED_AUTOS = YES_AGGRESSIVE;
				GCC_WARN_UNUSED_FUNCTION = YES;
				GCC_WARN_UNUSED_VARIABLE = YES;
				IPHONEOS_DEPLOYMENT_TARGET = 17.4;
				LOCALIZATION_PREFERS_STRING_CATALOGS = YES;
				MTL_ENABLE_DEBUG_INFO = NO;
				MTL_FAST_MATH = YES;
				SDKROOT = iphoneos;
				SWIFT_COMPILATION_MODE = wholemodule;
				VALIDATE_PRODUCT = YES;
			};
			name = Release;
		};
		7B14DA962BACF52900C56BAF /* Debug */ = {
			isa = XCBuildConfiguration;
			buildSettings = {
				ASSETCATALOG_COMPILER_APPICON_NAME = AppIcon;
				ASSETCATALOG_COMPILER_GLOBAL_ACCENT_COLOR_NAME = AccentColor;
				CODE_SIGN_STYLE = Automatic;
				CURRENT_PROJECT_VERSION = 1;
				DEVELOPMENT_TEAM = SXNAN3U7W7;
				GENERATE_INFOPLIST_FILE = YES;
				INFOPLIST_FILE = AssignmentNine/Info.plist;
				INFOPLIST_KEY_UIApplicationSupportsIndirectInputEvents = YES;
				INFOPLIST_KEY_UILaunchStoryboardName = LaunchScreen;
				INFOPLIST_KEY_UIMainStoryboardFile = Main;
				INFOPLIST_KEY_UISupportedInterfaceOrientations_iPad = "UIInterfaceOrientationPortrait UIInterfaceOrientationPortraitUpsideDown UIInterfaceOrientationLandscapeLeft UIInterfaceOrientationLandscapeRight";
				INFOPLIST_KEY_UISupportedInterfaceOrientations_iPhone = "UIInterfaceOrientationPortrait UIInterfaceOrientationLandscapeLeft UIInterfaceOrientationLandscapeRight";
				LD_RUNPATH_SEARCH_PATHS = (
					"$(inherited)",
					"@executable_path/Frameworks",
				);
				MARKETING_VERSION = 1.0;
				PRODUCT_BUNDLE_IDENTIFIER = io.nagarjunmallesh.AssignmentNine;
				PRODUCT_NAME = "$(TARGET_NAME)";
				SWIFT_EMIT_LOC_STRINGS = YES;
				SWIFT_VERSION = 5.0;
				TARGETED_DEVICE_FAMILY = "1,2";
			};
			name = Debug;
		};
		7B14DA972BACF52900C56BAF /* Release */ = {
			isa = XCBuildConfiguration;
			buildSettings = {
				ASSETCATALOG_COMPILER_APPICON_NAME = AppIcon;
				ASSETCATALOG_COMPILER_GLOBAL_ACCENT_COLOR_NAME = AccentColor;
				CODE_SIGN_STYLE = Automatic;
				CURRENT_PROJECT_VERSION = 1;
				DEVELOPMENT_TEAM = SXNAN3U7W7;
				GENERATE_INFOPLIST_FILE = YES;
				INFOPLIST_FILE = AssignmentNine/Info.plist;
				INFOPLIST_KEY_UIApplicationSupportsIndirectInputEvents = YES;
				INFOPLIST_KEY_UILaunchStoryboardName = LaunchScreen;
				INFOPLIST_KEY_UIMainStoryboardFile = Main;
				INFOPLIST_KEY_UISupportedInterfaceOrientations_iPad = "UIInterfaceOrientationPortrait UIInterfaceOrientationPortraitUpsideDown UIInterfaceOrientationLandscapeLeft UIInterfaceOrientationLandscapeRight";
				INFOPLIST_KEY_UISupportedInterfaceOrientations_iPhone = "UIInterfaceOrientationPortrait UIInterfaceOrientationLandscapeLeft UIInterfaceOrientationLandscapeRight";
				LD_RUNPATH_SEARCH_PATHS = (
					"$(inherited)",
					"@executable_path/Frameworks",
				);
				MARKETING_VERSION = 1.0;
				PRODUCT_BUNDLE_IDENTIFIER = io.nagarjunmallesh.AssignmentNine;
				PRODUCT_NAME = "$(TARGET_NAME)";
				SWIFT_EMIT_LOC_STRINGS = YES;
				SWIFT_VERSION = 5.0;
				TARGETED_DEVICE_FAMILY = "1,2";
			};
			name = Release;
		};
/* End XCBuildConfiguration section */

/* Begin XCConfigurationList section */
		7B14DA7C2BACF52800C56BAF /* Build configuration list for PBXProject "AssignmentTen" */ = {
			isa = XCConfigurationList;
			buildConfigurations = (
				7B14DA932BACF52900C56BAF /* Debug */,
				7B14DA942BACF52900C56BAF /* Release */,
			);
			defaultConfigurationIsVisible = 0;
			defaultConfigurationName = Release;
		};
		7B14DA952BACF52900C56BAF /* Build configuration list for PBXNativeTarget "AssignmentTen" */ = {
			isa = XCConfigurationList;
			buildConfigurations = (
				7B14DA962BACF52900C56BAF /* Debug */,
				7B14DA972BACF52900C56BAF /* Release */,
			);
			defaultConfigurationIsVisible = 0;
			defaultConfigurationName = Release;
		};
/* End XCConfigurationList section */
	};
	rootObject = 7B14DA792BACF52800C56BAF /* Project object */;
}
